
Microsoft Visual Studio Solution File, Format Version 12.00
# Visual Studio Version 16
VisualStudioVersion = 16.0.30523.141
MinimumVisualStudioVersion = 10.0.40219.1
Project("{8BC9CEB8-8B4A-11D0-8D11-00A0C91BC942}") = "PraxNes", "PraxNes.vcxproj", "{8312E6AE-4211-44A3-B2C8-D1BA9822A46D}"
EndProject
Global
	GlobalSection(SolutionConfigurationPlatforms) = preSolution
		Debug|x64 = Debug|x64
		Debug|x86 = Debug|x86
		Release|x64 = Release|x64
		Release|x86 = Release|x86
	EndGlobalSection
	GlobalSection(ProjectConfigurationPlatforms) = postSolution
		{8312E6AE-4211-44A3-B2C8-D1BA9822A46D}.Debug|x64.ActiveCfg = Debug|x64
		{8312E6AE-4211-44A3-B2C8-D1BA9822A46D}.Debug|x64.Build.0 = Debug|x64
		{8312E6AE-4211-44A3-B2C8-D1BA9822A46D}.Debug|x86.ActiveCfg = Debug|Win32
		{8312E6AE-4211-44A3-B2C8-D1BA9822A46D}.Debug|x86.Build.0 = Debug|Win32
		{8312E6AE-4211-44A3-B2C8-D1BA9822A46D}.Release|x64.ActiveCfg = Release|x64
		{8312E6AE-4211-44A3-B2C8-D1BA9822A46D}.Release|x64.Build.0 = Release|x64
		{8312E6AE-4211-44A3-B2C8-D1BA9822A46D}.Release|x86.ActiveCfg = Release|Win32
		{8312E6AE-4211-44A3-B2C8-D1BA9822A46D}.Release|x86.Build.0 = Release|Win32
	EndGlobalSection
	GlobalSection(SolutionProperties) = preSolution
		HideSolutionNode = FALSE
	EndGlobalSection
	GlobalSection(ExtensibilityGlobals) = postSolution
		SolutionGuid = {D332D9F8-2029-4F36-B08A-EA6835F73C05}
	EndGlobalSection
EndGlobal
